<?xml version="1.0" encoding="utf-8"?>
<Project ToolsVersion="4.0" xmlns="http://schemas.microsoft.com/developer/msbuild/2003">
  <ItemGroup>
    <Filter Include="Common">
      <UniqueIdentifier>{0bc27fa8-afac-4a02-8354-f8ac7e3056e0}</UniqueIdentifier>
    </Filter>
    <Filter Include="Graphics">
      <UniqueIdentifier>{84407bf0-b431-49e7-b0cd-167e818415ab}</UniqueIdentifier>
    </Filter>
    <Filter Include="Common\Math">
      <UniqueIdentifier>{8f5edaa5-ad5d-423a-bc41-5e68a8621da5}</UniqueIdentifier>
    </Filter>
    <Filter Include="Resource">
      <UniqueIdentifier>{767d4264-e56a-430c-8c2d-f49d85c35b59}</UniqueIdentifier>
    </Filter>
    <Filter Include="Time">
      <UniqueIdentifier>{d5cea299-11de-49f8-9c0c-c110056dd303}</UniqueIdentifier>
    </Filter>
    <Filter Include="Renderer">
      <UniqueIdentifier>{f9629435-ddff-4697-88ec-f129303a2eff}</UniqueIdentifier>
    </Filter>
    <Filter Include="GameObject">
      <UniqueIdentifier>{41de0782-150b-4aa8-a65e-c83a53e1fe1e}</UniqueIdentifier>
    </Filter>
    <Filter Include="Scene">
      <UniqueIdentifier>{ba31dc22-72e7-49f8-82f0-8a0d593d5a33}</UniqueIdentifier>
    </Filter>
    <Filter Include="Resource\Mesh">
      <UniqueIdentifier>{867ac2ef-de30-44e1-99e8-290b7157aa45}</UniqueIdentifier>
    </Filter>
    <Filter Include="Resource\Shader">
      <UniqueIdentifier>{e0ca5da1-9a92-4de7-8204-86fc26e00c04}</UniqueIdentifier>
    </Filter>
    <Filter Include="Resource\Manager">
      <UniqueIdentifier>{d92f24b4-17ad-465f-8e1b-3040ce24db53}</UniqueIdentifier>
    </Filter>
    <Filter Include="Component">
      <UniqueIdentifier>{a96968f2-ddc5-454a-9b2e-4d75017f26db}</UniqueIdentifier>
    </Filter>
    <Filter Include="GameObject\Base">
      <UniqueIdentifier>{00071831-6ce7-46c6-9e84-efeabb4554b7}</UniqueIdentifier>
    </Filter>
    <Filter Include="Component\Base">
      <UniqueIdentifier>{7d247630-2481-4d7d-99fc-1c663bbe3c68}</UniqueIdentifier>
    </Filter>
    <Filter Include="Resource\Texture">
      <UniqueIdentifier>{3bd821fc-bc9f-4b4a-af41-030a7e52e1f5}</UniqueIdentifier>
    </Filter>
    <Filter Include="Resource\Material">
      <UniqueIdentifier>{26a943c0-e5eb-43f8-a836-ca176b108124}</UniqueIdentifier>
    </Filter>
    <Filter Include="High Level Interface">
      <UniqueIdentifier>{ef2cc17f-dc8c-4713-acb5-11a43c435929}</UniqueIdentifier>
    </Filter>
    <Filter Include="Component\Script">
      <UniqueIdentifier>{007e115e-53c1-4087-a1e4-d5f0cbaef64f}</UniqueIdentifier>
    </Filter>
    <Filter Include="Component\Transform">
      <UniqueIdentifier>{62ef3152-0edd-4414-bc90-229e5ed562b2}</UniqueIdentifier>
    </Filter>
    <Filter Include="Component\Script\Contents">
      <UniqueIdentifier>{8ba9974c-ce6b-4eb3-975f-295b0bcdd46e}</UniqueIdentifier>
    </Filter>
    <Filter Include="Component\Camera">
      <UniqueIdentifier>{c0f81a4a-aeba-46b6-9998-4f119dbde58a}</UniqueIdentifier>
    </Filter>
    <Filter Include="Component\Renderer">
      <UniqueIdentifier>{766f4178-db15-427a-9878-6fd1ebc9abd1}</UniqueIdentifier>
    </Filter>
    <Filter Include="Input">
      <UniqueIdentifier>{cd4b9eba-c6cf-46a9-a814-89a620c95213}</UniqueIdentifier>
    </Filter>
    <Filter Include="GameObject\Player">
      <UniqueIdentifier>{f7a8eb8d-e7ba-4c78-a24f-02e3cb288011}</UniqueIdentifier>
    </Filter>
    <Filter Include="Scene\Issac">
      <UniqueIdentifier>{07f468fd-039e-439c-a499-80af84fa9760}</UniqueIdentifier>
    </Filter>
    <Filter Include="Scene\Base">
      <UniqueIdentifier>{d8adf510-7e00-47f1-bb12-e5d653d32a8a}</UniqueIdentifier>
    </Filter>
    <Filter Include="Scene\Layer">
      <UniqueIdentifier>{4d6f9912-02e3-4e06-a2ab-00a3d9033675}</UniqueIdentifier>
    </Filter>
    <Filter Include="Scene\SceneManager">
      <UniqueIdentifier>{49744003-78e9-4d0b-8cf7-a2182ecdcd13}</UniqueIdentifier>
    </Filter>
    <Filter Include="Component\Collider">
      <UniqueIdentifier>{32a3582e-a16c-4d4a-bc40-d6eda4a19477}</UniqueIdentifier>
    </Filter>
    <Filter Include="Component\Collider\2D">
      <UniqueIdentifier>{0efcea61-ebd4-497d-bdc1-309749f59ff9}</UniqueIdentifier>
    </Filter>
    <Filter Include="Component\Collider\3D">
      <UniqueIdentifier>{a57d7ca9-b957-4b47-b452-6688ecb0c397}</UniqueIdentifier>
    </Filter>
    <Filter Include="Component\Collider\Manager">
      <UniqueIdentifier>{36f0f005-90eb-42ec-8198-ce19424633e1}</UniqueIdentifier>
    </Filter>
    <Filter Include="GameObject\UI">
      <UniqueIdentifier>{27204620-003e-4ffb-bc17-852ed9e83660}</UniqueIdentifier>
    </Filter>
    <Filter Include="Component\Animator">
      <UniqueIdentifier>{23770c29-de01-48ad-93b3-b15e7119a111}</UniqueIdentifier>
    </Filter>
  </ItemGroup>
  <ItemGroup>
    <ClCompile Include="yaApplication.cpp">
      <Filter>High Level Interface</Filter>
    </ClCompile>
    <ClCompile Include="yaGraphicDevice_DX11.cpp">
      <Filter>Graphics</Filter>
    </ClCompile>
    <ClCompile Include="yaMath.cpp">
      <Filter>Common\Math</Filter>
    </ClCompile>
    <ClCompile Include="yaTime.cpp">
      <Filter>Time</Filter>
    </ClCompile>
    <ClCompile Include="yaInput.cpp">
      <Filter>Input</Filter>
    </ClCompile>
    <ClCompile Include="yaEntity.cpp">
      <Filter>Common</Filter>
    </ClCompile>
    <ClCompile Include="yaResource.cpp">
      <Filter>Resource</Filter>
    </ClCompile>
    <ClCompile Include="yaRenderer.cpp">
      <Filter>Renderer</Filter>
    </ClCompile>
    <ClCompile Include="yaMesh.cpp">
      <Filter>Resource\Mesh</Filter>
    </ClCompile>
    <ClCompile Include="yaShader.cpp">
      <Filter>Resource\Shader</Filter>
    </ClCompile>
    <ClCompile Include="yaResources.cpp">
      <Filter>Resource\Manager</Filter>
    </ClCompile>
    <ClCompile Include="yaGameObject.cpp">
      <Filter>GameObject\Base</Filter>
    </ClCompile>
    <ClCompile Include="yaComponent.cpp">
      <Filter>Component\Base</Filter>
    </ClCompile>
    <ClCompile Include="yaConstantBuffer.cpp" />
    <ClCompile Include="yaTexture.cpp">
      <Filter>Resource\Texture</Filter>
    </ClCompile>
    <ClCompile Include="yaMaterial.cpp">
      <Filter>Resource\Material</Filter>
    </ClCompile>
    <ClCompile Include="yaTransform.cpp">
      <Filter>Component\Transform</Filter>
    </ClCompile>
    <ClCompile Include="yaScript.cpp">
      <Filter>Component\Script</Filter>
    </ClCompile>
    <ClCompile Include="yaPlayerScript.cpp">
      <Filter>Component\Script\Contents</Filter>
    </ClCompile>
    <ClCompile Include="yaMeshRenderer.cpp">
      <Filter>Component\Renderer</Filter>
    </ClCompile>
    <ClCompile Include="yaCamera.cpp">
      <Filter>Component\Camera</Filter>
    </ClCompile>
    <ClCompile Include="yaCameraScript.cpp">
      <Filter>Component\Script\Contents</Filter>
    </ClCompile>
    <ClCompile Include="yaSpriteRenderer.cpp">
      <Filter>Component\Renderer</Filter>
    </ClCompile>
    <ClCompile Include="yaBaseRenderer.cpp">
      <Filter>Component\Renderer</Filter>
    </ClCompile>
    <ClCompile Include="yaGridScript.cpp">
      <Filter>Component\Script\Contents</Filter>
    </ClCompile>
    <ClCompile Include="yaFadeScript.cpp">
      <Filter>Component\Script\Contents</Filter>
    </ClCompile>
    <ClCompile Include="yaMonster.cpp">
      <Filter>GameObject\Player</Filter>
    </ClCompile>
    <ClCompile Include="yaIsaac.cpp">
      <Filter>GameObject\Player</Filter>
    </ClCompile>
    <ClCompile Include="yaRoom.cpp" />
    <ClCompile Include="yaPlayScene.cpp">
      <Filter>Scene\Issac</Filter>
    </ClCompile>
    <ClCompile Include="yaSceneManager.cpp">
      <Filter>Scene\SceneManager</Filter>
    </ClCompile>
    <ClCompile Include="yaLayer.cpp">
      <Filter>Scene\Layer</Filter>
    </ClCompile>
    <ClCompile Include="yaScene.cpp">
      <Filter>Scene\Base</Filter>
    </ClCompile>
    <ClCompile Include="yaTitleScene.cpp">
      <Filter>Scene\Issac</Filter>
    </ClCompile>
    <ClCompile Include="yaCollider.cpp">
      <Filter>Component\Collider</Filter>
    </ClCompile>
    <ClCompile Include="yaCollider2D.cpp">
      <Filter>Component\Collider\2D</Filter>
    </ClCompile>
    <ClCompile Include="yaCollider3D.cpp">
      <Filter>Component\Collider\3D</Filter>
    </ClCompile>
    <ClCompile Include="yaCollisionManager.cpp">
      <Filter>Component\Collider\Manager</Filter>
    </ClCompile>
    <ClCompile Include="yaPlayer.cpp">
      <Filter>Component\Script\Contents</Filter>
    </ClCompile>
    <ClCompile Include="yaUIheart.cpp">
      <Filter>GameObject\UI</Filter>
    </ClCompile>
    <ClCompile Include="yaAnimator.cpp">
      <Filter>Component\Animator</Filter>
    </ClCompile>
    <ClCompile Include="yaAnimation.cpp">
      <Filter>Component\Animator</Filter>
    </ClCompile>
  </ItemGroup>
  <ItemGroup>
    <ClInclude Include="CommonInclude.h">
      <Filter>Common</Filter>
    </ClInclude>
    <ClInclude Include="yaApplication.h">
      <Filter>High Level Interface</Filter>
    </ClInclude>
    <ClInclude Include="yaGraphicDevice_DX11.h">
      <Filter>Graphics</Filter>
    </ClInclude>
    <ClInclude Include="yaMath.h">
      <Filter>Common\Math</Filter>
    </ClInclude>
    <ClInclude Include="yaTime.h">
      <Filter>Time</Filter>
    </ClInclude>
    <ClInclude Include="yaInput.h">
      <Filter>Input</Filter>
    </ClInclude>
    <ClInclude Include="yaEntity.h">
      <Filter>Common</Filter>
    </ClInclude>
    <ClInclude Include="yaResource.h">
      <Filter>Resource</Filter>
    </ClInclude>
    <ClInclude Include="yaGraphics.h">
      <Filter>Graphics</Filter>
    </ClInclude>
    <ClInclude Include="yaEngine.h">
      <Filter>Common</Filter>
    </ClInclude>
    <ClInclude Include="yaEnums.h">
      <Filter>Common</Filter>
    </ClInclude>
    <ClInclude Include="yaRenderer.h">
      <Filter>Renderer</Filter>
    </ClInclude>
    <ClInclude Include="yaMesh.h">
      <Filter>Resource\Mesh</Filter>
    </ClInclude>
    <ClInclude Include="yaShader.h">
      <Filter>Resource\Shader</Filter>
    </ClInclude>
    <ClInclude Include="yaResources.h">
      <Filter>Resource\Manager</Filter>
    </ClInclude>
    <ClInclude Include="yaGameObject.h">
      <Filter>GameObject\Base</Filter>
    </ClInclude>
    <ClInclude Include="yaComponent.h">
      <Filter>Component\Base</Filter>
    </ClInclude>
    <ClInclude Include="yaConstantBuffer.h" />
    <ClInclude Include="yaTexture.h">
      <Filter>Resource\Texture</Filter>
    </ClInclude>
    <ClInclude Include="yaMaterial.h">
      <Filter>Resource\Material</Filter>
    </ClInclude>
    <ClInclude Include="yaTransform.h">
      <Filter>Component\Transform</Filter>
    </ClInclude>
    <ClInclude Include="yaScript.h">
      <Filter>Component\Script</Filter>
    </ClInclude>
    <ClInclude Include="yaPlayerScript.h">
      <Filter>Component\Script\Contents</Filter>
    </ClInclude>
    <ClInclude Include="yaMeshRenderer.h">
      <Filter>Component\Renderer</Filter>
    </ClInclude>
    <ClInclude Include="yaCamera.h">
      <Filter>Component\Camera</Filter>
    </ClInclude>
    <ClInclude Include="yaCameraScript.h">
      <Filter>Component\Script\Contents</Filter>
    </ClInclude>
    <ClInclude Include="yaSpriteRenderer.h">
      <Filter>Component\Renderer</Filter>
    </ClInclude>
    <ClInclude Include="yaBaseRenderer.h">
      <Filter>Component\Renderer</Filter>
    </ClInclude>
    <ClInclude Include="yaGridScript.h">
      <Filter>Component\Script\Contents</Filter>
    </ClInclude>
    <ClInclude Include="yaObject.h">
      <Filter>GameObject\Base</Filter>
    </ClInclude>
    <ClInclude Include="yaFadeScript.h">
      <Filter>Component\Script\Contents</Filter>
    </ClInclude>
    <ClInclude Include="yaMonster.h">
      <Filter>GameObject\Player</Filter>
    </ClInclude>
    <ClInclude Include="yaIsaac.h">
      <Filter>GameObject\Player</Filter>
    </ClInclude>
    <ClInclude Include="yaRoom.h" />
    <ClInclude Include="yaPlayScene.h">
      <Filter>Scene\Issac</Filter>
    </ClInclude>
    <ClInclude Include="yaSceneManager.h">
      <Filter>Scene\SceneManager</Filter>
    </ClInclude>
    <ClInclude Include="yaLayer.h">
      <Filter>Scene\Layer</Filter>
    </ClInclude>
    <ClInclude Include="yaScene.h">
      <Filter>Scene\Base</Filter>
    </ClInclude>
    <ClInclude Include="yaTitleScene.h">
      <Filter>Scene\Issac</Filter>
    </ClInclude>
    <ClInclude Include="yaCollider.h">
      <Filter>Component\Collider</Filter>
    </ClInclude>
    <ClInclude Include="yaCollider2D.h">
      <Filter>Component\Collider\2D</Filter>
    </ClInclude>
    <ClInclude Include="yaCollider3D.h">
      <Filter>Component\Collider\3D</Filter>
    </ClInclude>
    <ClInclude Include="yaCollisionManager.h">
      <Filter>Component\Collider\Manager</Filter>
    </ClInclude>
    <ClInclude Include="yaPlayer.h">
      <Filter>Component\Script\Contents</Filter>
    </ClInclude>
    <ClInclude Include="yaUIheart.h">
      <Filter>GameObject\UI</Filter>
    </ClInclude>
    <ClInclude Include="yaAnimation.h">
      <Filter>Component\Animator</Filter>
    </ClInclude>
    <ClInclude Include="yaAnimator.h">
      <Filter>Component\Animator</Filter>
    </ClInclude>
  </ItemGroup>
  <ItemGroup>
    <None Include="yaMath.inl">
      <Filter>Common\Math</Filter>
    </None>
  </ItemGroup>
</Project>